
Microsoft Visual Studio Solution File, Format Version 12.00
# Visual Studio Version 17
VisualStudioVersion = 17.9.34728.123
MinimumVisualStudioVersion = 10.0.40219.1
Project("{FAE04EC0-301F-11D3-BF4B-00C04F79EFBC}") = "rinha-backend", "rinha-backend\rinha-backend.csproj", "{6538C7CE-1996-4CA5-AEF5-298B91597E0F}"
EndProject
Global
	GlobalSection(SolutionConfigurationPlatforms) = preSolution
		Debug|Any CPU = Debug|Any CPU
		Release|Any CPU = Release|Any CPU
	EndGlobalSection
	GlobalSection(ProjectConfigurationPlatforms) = postSolution
		{6538C7CE-1996-4CA5-AEF5-298B91597E0F}.Debug|Any CPU.ActiveCfg = Debug|Any CPU
		{6538C7CE-1996-4CA5-AEF5-298B91597E0F}.Debug|Any CPU.Build.0 = Debug|Any CPU
		{6538C7CE-1996-4CA5-AEF5-298B91597E0F}.Release|Any CPU.ActiveCfg = Release|Any CPU
		{6538C7CE-1996-4CA5-AEF5-298B91597E0F}.Release|Any CPU.Build.0 = Release|Any CPU
	EndGlobalSection
	GlobalSection(SolutionProperties) = preSolution
		HideSolutionNode = FALSE
	EndGlobalSection
	GlobalSection(ExtensibilityGlobals) = postSolution
		SolutionGuid = {C53D34EE-802E-4D13-ACCE-2A4402C0F0FE}
	EndGlobalSection
EndGlobal
